PODS:
  - Alamofire (5.4.4)
  - AlamofireSessionRenewer (2.0.0):
    - Alamofire (~> 5.4.3)

DEPENDENCIES:
  - AlamofireSessionRenewer (from `../`)

SPEC REPOS:
  https://github.com/CocoaPods/Specs.git:
    - Alamofire

EXTERNAL SOURCES:
  AlamofireSessionRenewer:
    :path: "../"

SPEC CHECKSUMS:
  Alamofire: f3b09a368f1582ab751b3fff5460276e0d2cf5c9
  AlamofireSessionRenewer: 3e7a5f2ec17aa5a35eee531be72307b1786510e2

PODFILE CHECKSUM: 0a5c52d9274e4301cf2b2152ff5335ad07757431

COCOAPODS: 1.16.2
